<?xml version="1.0" encoding="utf-8"?>
<Project ToolsVersion="4.0" xmlns="http://schemas.microsoft.com/developer/msbuild/2003">
  <ItemGroup>
    <ClCompile Include="..\..\src\otbullet\wrapper.cpp" />
    <ClCompile Include="..\..\src\otbullet\rigid_body.cpp" />
    <ClCompile Include="..\..\src\otbullet\otbullet.intergen.cpp" />
    <ClCompile Include="..\..\src\otbullet\discrete_dynamics_world.cpp" />
    <ClCompile Include="..\..\src\otbullet\ot_terrain_contact_common.cpp" />
    <ClCompile Include="..\..\src\otbullet\tree_batch.cpp" />
    <ClCompile Include="tm_broadphase.cpp" />
  </ItemGroup>
  <ItemGroup>
    <hpp Include="..\..\src\otbullet\otbullet.hpp" />
  </ItemGroup>
  <ItemGroup>
    <ClInclude Include="..\..\src\otbullet\physics_cfg.h" />
    <ClInclude Include="..\..\src\otbullet\discrete_dynamics_world.h" />
    <ClInclude Include="..\..\src\otbullet\ot_terrain_contact_common.h" />
    <ClInclude Include="..\..\src\otbullet\physics.js.h" />
    <ClInclude Include="..\..\src\otbullet\tree_batch.h" />
    <ClInclude Include="physics.h" />
    <ClInclude Include="tm_broadphase.h" />
  </ItemGroup>
  <ItemGroup>
    <None Include="..\..\src\otbullet\otbullet.inl" />
  </ItemGroup>
</Project>