<?xml version="1.0" encoding="utf-8"?>
<Project ToolsVersion="4.0" xmlns="http://schemas.microsoft.com/developer/msbuild/2003">
  <ItemGroup>
    <Filter Include="src">
      <UniqueIdentifier>{5F9FC53A-752B-4848-AA46-6366CDA1AA98}</UniqueIdentifier>
    </Filter>
    <Filter Include="src\clew">
      <UniqueIdentifier>{DB9CC629-E58D-4141-B920-AF4F78A57754}</UniqueIdentifier>
    </Filter>
    <Filter Include="examples">
      <UniqueIdentifier>{690F8F16-A476-DF45-A9FC-14ACDA872668}</UniqueIdentifier>
    </Filter>
    <Filter Include="examples\ThirdPartyLibs">
      <UniqueIdentifier>{06B388C5-E4A0-F142-90ED-74EBEA36DD8F}</UniqueIdentifier>
    </Filter>
    <Filter Include="examples\ThirdPartyLibs\minizip">
      <UniqueIdentifier>{8385C719-E0E5-964E-BD0C-8C1F62DD08D3}</UniqueIdentifier>
    </Filter>
    <Filter Include="examples\ThirdPartyLibs\zlib">
      <UniqueIdentifier>{3C40C4A3-D6EF-454D-B29B-29CA187C7C08}</UniqueIdentifier>
    </Filter>
    <Filter Include="test">
      <UniqueIdentifier>{881FCEE5-0B11-CA41-AFC7-98D760CFEA3B}</UniqueIdentifier>
    </Filter>
    <Filter Include="test\TestBullet3OpenCL">
      <UniqueIdentifier>{D5526246-11AF-AB45-B85D-0834C416A127}</UniqueIdentifier>
    </Filter>
    <Filter Include="test\OpenCL">
      <UniqueIdentifier>{555A1EA5-94F7-234E-9C98-E55F90638035}</UniqueIdentifier>
    </Filter>
    <Filter Include="test\OpenCL\BasicInitialize">
      <UniqueIdentifier>{AD19FE44-82EF-8D48-A070-ACFFF2BFA057}</UniqueIdentifier>
    </Filter>
    <Filter Include="test\OpenCL\AllBullet3Kernels">
      <UniqueIdentifier>{AD0ED711-9A90-2C43-8657-297523590A6A}</UniqueIdentifier>
    </Filter>
  </ItemGroup>
  <ItemGroup>
    <ClInclude Include="..\..\src\clew\clew.h">
      <Filter>src\clew</Filter>
    </ClInclude>
  </ItemGroup>
  <ItemGroup>
    <ClCompile Include="..\..\src\clew\clew.c">
      <Filter>src\clew</Filter>
    </ClCompile>
    <ClCompile Include="..\..\examples\ThirdPartyLibs\minizip\ioapi.c">
      <Filter>examples\ThirdPartyLibs\minizip</Filter>
    </ClCompile>
    <ClCompile Include="..\..\examples\ThirdPartyLibs\minizip\unzip.c">
      <Filter>examples\ThirdPartyLibs\minizip</Filter>
    </ClCompile>
    <ClCompile Include="..\..\examples\ThirdPartyLibs\minizip\zip.c">
      <Filter>examples\ThirdPartyLibs\minizip</Filter>
    </ClCompile>
    <ClCompile Include="..\..\examples\ThirdPartyLibs\zlib\adler32.c">
      <Filter>examples\ThirdPartyLibs\zlib</Filter>
    </ClCompile>
    <ClCompile Include="..\..\examples\ThirdPartyLibs\zlib\compress.c">
      <Filter>examples\ThirdPartyLibs\zlib</Filter>
    </ClCompile>
    <ClCompile Include="..\..\examples\ThirdPartyLibs\zlib\crc32.c">
      <Filter>examples\ThirdPartyLibs\zlib</Filter>
    </ClCompile>
    <ClCompile Include="..\..\examples\ThirdPartyLibs\zlib\deflate.c">
      <Filter>examples\ThirdPartyLibs\zlib</Filter>
    </ClCompile>
    <ClCompile Include="..\..\examples\ThirdPartyLibs\zlib\gzclose.c">
      <Filter>examples\ThirdPartyLibs\zlib</Filter>
    </ClCompile>
    <ClCompile Include="..\..\examples\ThirdPartyLibs\zlib\gzlib.c">
      <Filter>examples\ThirdPartyLibs\zlib</Filter>
    </ClCompile>
    <ClCompile Include="..\..\examples\ThirdPartyLibs\zlib\gzread.c">
      <Filter>examples\ThirdPartyLibs\zlib</Filter>
    </ClCompile>
    <ClCompile Include="..\..\examples\ThirdPartyLibs\zlib\gzwrite.c">
      <Filter>examples\ThirdPartyLibs\zlib</Filter>
    </ClCompile>
    <ClCompile Include="..\..\examples\ThirdPartyLibs\zlib\infback.c">
      <Filter>examples\ThirdPartyLibs\zlib</Filter>
    </ClCompile>
    <ClCompile Include="..\..\examples\ThirdPartyLibs\zlib\inffast.c">
      <Filter>examples\ThirdPartyLibs\zlib</Filter>
    </ClCompile>
    <ClCompile Include="..\..\examples\ThirdPartyLibs\zlib\inflate.c">
      <Filter>examples\ThirdPartyLibs\zlib</Filter>
    </ClCompile>
    <ClCompile Include="..\..\examples\ThirdPartyLibs\zlib\inftrees.c">
      <Filter>examples\ThirdPartyLibs\zlib</Filter>
    </ClCompile>
    <ClCompile Include="..\..\examples\ThirdPartyLibs\zlib\trees.c">
      <Filter>examples\ThirdPartyLibs\zlib</Filter>
    </ClCompile>
    <ClCompile Include="..\..\examples\ThirdPartyLibs\zlib\uncompr.c">
      <Filter>examples\ThirdPartyLibs\zlib</Filter>
    </ClCompile>
    <ClCompile Include="..\..\examples\ThirdPartyLibs\zlib\zutil.c">
      <Filter>examples\ThirdPartyLibs\zlib</Filter>
    </ClCompile>
    <ClCompile Include="..\..\test\TestBullet3OpenCL\main.cpp">
      <Filter>test\TestBullet3OpenCL</Filter>
    </ClCompile>
    <ClCompile Include="..\..\test\OpenCL\BasicInitialize\testInitOpenCL.cpp">
      <Filter>test\OpenCL\BasicInitialize</Filter>
    </ClCompile>
    <ClCompile Include="..\..\test\OpenCL\AllBullet3Kernels\testCompileBullet3BroadphaseKernels.cpp">
      <Filter>test\OpenCL\AllBullet3Kernels</Filter>
    </ClCompile>
    <ClCompile Include="..\..\test\OpenCL\AllBullet3Kernels\testCompileBullet3IntegrateUpdateAabbKernels.cpp">
      <Filter>test\OpenCL\AllBullet3Kernels</Filter>
    </ClCompile>
    <ClCompile Include="..\..\test\OpenCL\AllBullet3Kernels\testCompileBullet3JacobiContactSolverKernels.cpp">
      <Filter>test\OpenCL\AllBullet3Kernels</Filter>
    </ClCompile>
    <ClCompile Include="..\..\test\OpenCL\AllBullet3Kernels\testCompileBullet3NarrowphaseKernels.cpp">
      <Filter>test\OpenCL\AllBullet3Kernels</Filter>
    </ClCompile>
    <ClCompile Include="..\..\test\OpenCL\AllBullet3Kernels\testCompileBullet3PgsContactSolverKernels.cpp">
      <Filter>test\OpenCL\AllBullet3Kernels</Filter>
    </ClCompile>
    <ClCompile Include="..\..\test\OpenCL\AllBullet3Kernels\testCompileBullet3PgsJointSolverKernels.cpp">
      <Filter>test\OpenCL\AllBullet3Kernels</Filter>
    </ClCompile>
    <ClCompile Include="..\..\test\OpenCL\AllBullet3Kernels\testCompileBullet3RaycastKernels.cpp">
      <Filter>test\OpenCL\AllBullet3Kernels</Filter>
    </ClCompile>
    <ClCompile Include="..\..\test\OpenCL\AllBullet3Kernels\testExecuteBullet3NarrowphaseKernels.cpp">
      <Filter>test\OpenCL\AllBullet3Kernels</Filter>
    </ClCompile>
  </ItemGroup>
</Project>
